
Microsoft Visual Studio Solution File, Format Version 12.00
# Visual Studio Version 16
VisualStudioVersion = 16.0.32106.194
MinimumVisualStudioVersion = 10.0.40219.1
Project("{FAE04EC0-301F-11D3-BF4B-00C04F79EFBC}") = "MyProject1", "MyProject1\MyProject1.csproj", "{E17E6C51-8875-4A7F-AB80-635D1AF28391}"
EndProject
Global
	GlobalSection(SolutionConfigurationPlatforms) = preSolution
		Debug|Any CPU = Debug|Any CPU
		Release|Any CPU = Release|Any CPU
	EndGlobalSection
	GlobalSection(ProjectConfigurationPlatforms) = postSolution
		{E17E6C51-8875-4A7F-AB80-635D1AF28391}.Debug|Any CPU.ActiveCfg = Debug|Any CPU
		{E17E6C51-8875-4A7F-AB80-635D1AF28391}.Debug|Any CPU.Build.0 = Debug|Any CPU
		{E17E6C51-8875-4A7F-AB80-635D1AF28391}.Release|Any CPU.ActiveCfg = Release|Any CPU
		{E17E6C51-8875-4A7F-AB80-635D1AF28391}.Release|Any CPU.Build.0 = Release|Any CPU
	EndGlobalSection
	GlobalSection(SolutionProperties) = preSolution
		HideSolutionNode = FALSE
	EndGlobalSection
	GlobalSection(ExtensibilityGlobals) = postSolution
		SolutionGuid = {1D0A6572-982E-47F1-BCBF-03CFB7CF175E}
	EndGlobalSection
EndGlobal
