
Microsoft Visual Studio Solution File, Format Version 12.00
# Visual Studio Version 16
VisualStudioVersion = 16.0.32106.194
MinimumVisualStudioVersion = 10.0.40219.1
Project("{FAE04EC0-301F-11D3-BF4B-00C04F79EFBC}") = "THERB-GH", "THERB-GH\THERB-GH.csproj", "{E17E6C51-8875-4A7F-AB80-635D1AF28391}"
EndProject
Project("{FAE04EC0-301F-11D3-BF4B-00C04F79EFBC}") = "THREB-GH-Test", "THREB-GH-Test\THREB-GH-Test.csproj", "{4F386B62-5266-4227-9C14-D708725D27C0}"
EndProject
Global
	GlobalSection(SolutionConfigurationPlatforms) = preSolution
		Debug|Any CPU = Debug|Any CPU
		Release|Any CPU = Release|Any CPU
	EndGlobalSection
	GlobalSection(ProjectConfigurationPlatforms) = postSolution
		{E17E6C51-8875-4A7F-AB80-635D1AF28391}.Debug|Any CPU.ActiveCfg = Debug|Any CPU
		{E17E6C51-8875-4A7F-AB80-635D1AF28391}.Debug|Any CPU.Build.0 = Debug|Any CPU
		{E17E6C51-8875-4A7F-AB80-635D1AF28391}.Release|Any CPU.ActiveCfg = Release|Any CPU
		{E17E6C51-8875-4A7F-AB80-635D1AF28391}.Release|Any CPU.Build.0 = Release|Any CPU
		{4F386B62-5266-4227-9C14-D708725D27C0}.Debug|Any CPU.ActiveCfg = Debug|Any CPU
		{4F386B62-5266-4227-9C14-D708725D27C0}.Debug|Any CPU.Build.0 = Debug|Any CPU
		{4F386B62-5266-4227-9C14-D708725D27C0}.Release|Any CPU.ActiveCfg = Release|Any CPU
		{4F386B62-5266-4227-9C14-D708725D27C0}.Release|Any CPU.Build.0 = Release|Any CPU
	EndGlobalSection
	GlobalSection(SolutionProperties) = preSolution
		HideSolutionNode = FALSE
	EndGlobalSection
	GlobalSection(ExtensibilityGlobals) = postSolution
		SolutionGuid = {1D0A6572-982E-47F1-BCBF-03CFB7CF175E}
	EndGlobalSection
EndGlobal
